// !$*UTF8*$!
{
	archiveVersion = 1;
	classes = {
	};
	objectVersion = 46;
	objects = {

/* Begin PBXBuildFile section */
		6ACE022F629A8BBD18641BF0 /* libPods.a in Frameworks */ = {isa = PBXBuildFile; fileRef = 7ACB715CBD998C98741E405D /* libPods.a */; };
		B6C5ED301ADFACE9002F0DF1 /* main.m in Sources */ = {isa = PBXBuildFile; fileRef = B6C5ED2F1ADFACE9002F0DF1 /* main.m */; };
		B6C5ED331ADFACE9002F0DF1 /* AppDelegate.m in Sources */ = {isa = PBXBuildFile; fileRef = B6C5ED321ADFACE9002F0DF1 /* AppDelegate.m */; };
		B6C5ED361ADFACE9002F0DF1 /* GFStore.xcdatamodeld in Sources */ = {isa = PBXBuildFile; fileRef = B6C5ED341ADFACE9002F0DF1 /* GFStore.xcdatamodeld */; };
		B6C5ED391ADFACE9002F0DF1 /* ViewController.m in Sources */ = {isa = PBXBuildFile; fileRef = B6C5ED381ADFACE9002F0DF1 /* ViewController.m */; };
		B6C5ED3C1ADFACE9002F0DF1 /* Main.storyboard in Resources */ = {isa = PBXBuildFile; fileRef = B6C5ED3A1ADFACE9002F0DF1 /* Main.storyboard */; };
		B6C5ED3E1ADFACE9002F0DF1 /* Images.xcassets in Resources */ = {isa = PBXBuildFile; fileRef = B6C5ED3D1ADFACE9002F0DF1 /* Images.xcassets */; };
		B6C5ED411ADFACE9002F0DF1 /* LaunchScreen.xib in Resources */ = {isa = PBXBuildFile; fileRef = B6C5ED3F1ADFACE9002F0DF1 /* LaunchScreen.xib */; };
		B6C5ED4D1ADFACE9002F0DF1 /* GFStoreTests.m in Sources */ = {isa = PBXBuildFile; fileRef = B6C5ED4C1ADFACE9002F0DF1 /* GFStoreTests.m */; };
		B6C5ED611ADFAF6D002F0DF1 /* GFRequest.m in Sources */ = {isa = PBXBuildFile; fileRef = B6C5ED581ADFAF6D002F0DF1 /* GFRequest.m */; };
		B6C5ED621ADFAF6D002F0DF1 /* GFRequestAPI.m in Sources */ = {isa = PBXBuildFile; fileRef = B6C5ED5A1ADFAF6D002F0DF1 /* GFRequestAPI.m */; };
		B6C5ED631ADFAF6D002F0DF1 /* GTJNetworkAgent.m in Sources */ = {isa = PBXBuildFile; fileRef = B6C5ED5E1ADFAF6D002F0DF1 /* GTJNetworkAgent.m */; };
		B6C5ED641ADFAF6D002F0DF1 /* GTJRequest.m in Sources */ = {isa = PBXBuildFile; fileRef = B6C5ED601ADFAF6D002F0DF1 /* GTJRequest.m */; };
		B6C5ED681ADFB68D002F0DF1 /* GTJObjectBuilder.m in Sources */ = {isa = PBXBuildFile; fileRef = B6C5ED671ADFB68D002F0DF1 /* GTJObjectBuilder.m */; };
		B6C5ED6C1ADFB6EB002F0DF1 /* GFConfiguration.m in Sources */ = {isa = PBXBuildFile; fileRef = B6C5ED6B1ADFB6EB002F0DF1 /* GFConfiguration.m */; };
		B6C5ED781ADFB82D002F0DF1 /* UIKit.framework in Frameworks */ = {isa = PBXBuildFile; fileRef = B6C5ED771ADFB82D002F0DF1 /* UIKit.framework */; };
		B6C5ED7A1ADFB83F002F0DF1 /* Foundation.framework in Frameworks */ = {isa = PBXBuildFile; fileRef = B6C5ED791ADFB83F002F0DF1 /* Foundation.framework */; };
		B6C5ED7C1ADFB870002F0DF1 /* MobileCoreServices.framework in Frameworks */ = {isa = PBXBuildFile; fileRef = B6C5ED7B1ADFB870002F0DF1 /* MobileCoreServices.framework */; };
		B6C5ED811ADFB9EC002F0DF1 /* GFDefines.m in Sources */ = {isa = PBXBuildFile; fileRef = B6C5ED801ADFB9EC002F0DF1 /* GFDefines.m */; };
		B6F2AE1F1AFF3132005D7C74 /* AdSupport.framework in Frameworks */ = {isa = PBXBuildFile; fileRef = B6F2AE1E1AFF3132005D7C74 /* AdSupport.framework */; };
		B6F2AE231AFF3BBC005D7C74 /* GFSponsorsList.m in Sources */ = {isa = PBXBuildFile; fileRef = B6F2AE221AFF3BBC005D7C74 /* GFSponsorsList.m */; };
		B6F2AE261AFF473A005D7C74 /* GFGiftCard.m in Sources */ = {isa = PBXBuildFile; fileRef = B6F2AE251AFF473A005D7C74 /* GFGiftCard.m */; };
		B6F2AE291AFF4A4A005D7C74 /* GFHotApps.m in Sources */ = {isa = PBXBuildFile; fileRef = B6F2AE281AFF4A4A005D7C74 /* GFHotApps.m */; };
		B6F2AE2E1AFF5274005D7C74 /* GFTabBarController.m in Sources */ = {isa = PBXBuildFile; fileRef = B6F2AE2D1AFF5274005D7C74 /* GFTabBarController.m */; };
		B6F2AE331AFF52F6005D7C74 /* GFSponsorsTableViewController.m in Sources */ = {isa = PBXBuildFile; fileRef = B6F2AE321AFF52F6005D7C74 /* GFSponsorsTableViewController.m */; };
		B6F2AE361AFF534B005D7C74 /* GFSponsorsTableViewCell.m in Sources */ = {isa = PBXBuildFile; fileRef = B6F2AE351AFF534B005D7C74 /* GFSponsorsTableViewCell.m */; };
		B6F2AE391B009873005D7C74 /* UIImage+Utility.m in Sources */ = {isa = PBXBuildFile; fileRef = B6F2AE381B009873005D7C74 /* UIImage+Utility.m */; };
/* End PBXBuildFile section */

/* Begin PBXContainerItemProxy section */
		B6C5ED471ADFACE9002F0DF1 /* PBXContainerItemProxy */ = {
			isa = PBXContainerItemProxy;
			containerPortal = B6C5ED221ADFACE9002F0DF1 /* Project object */;
			proxyType = 1;
			remoteGlobalIDString = B6C5ED291ADFACE9002F0DF1;
			remoteInfo = GFStore;
		};
/* End PBXContainerItemProxy section */

/* Begin PBXFileReference section */
		7A829AABD1601D5BD3A25A85 /* Pods.debug.xcconfig */ = {isa = PBXFileReference; includeInIndex = 1; lastKnownFileType = text.xcconfig; name = Pods.debug.xcconfig; path = "Pods/Target Support Files/Pods/Pods.debug.xcconfig"; sourceTree = "<group>"; };
		7ACB715CBD998C98741E405D /* libPods.a */ = {isa = PBXFileReference; explicitFileType = archive.ar; includeInIndex = 0; path = libPods.a; sourceTree = BUILT_PRODUCTS_DIR; };
		8DCE4511DB7F2C93FFC820AA /* Pods.release.xcconfig */ = {isa = PBXFileReference; includeInIndex = 1; lastKnownFileType = text.xcconfig; name = Pods.release.xcconfig; path = "Pods/Target Support Files/Pods/Pods.release.xcconfig"; sourceTree = "<group>"; };
		B6C5ED2A1ADFACE9002F0DF1 /* GFStore.app */ = {isa = PBXFileReference; explicitFileType = wrapper.application; includeInIndex = 0; path = GFStore.app; sourceTree = BUILT_PRODUCTS_DIR; };
		B6C5ED2E1ADFACE9002F0DF1 /* Info.plist */ = {isa = PBXFileReference; lastKnownFileType = text.plist.xml; path = Info.plist; sourceTree = "<group>"; };
		B6C5ED2F1ADFACE9002F0DF1 /* main.m */ = {isa = PBXFileReference; lastKnownFileType = sourcecode.c.objc; path = main.m; sourceTree = "<group>"; };
		B6C5ED311ADFACE9002F0DF1 /* AppDelegate.h */ = {isa = PBXFileReference; lastKnownFileType = sourcecode.c.h; path = AppDelegate.h; sourceTree = "<group>"; };
		B6C5ED321ADFACE9002F0DF1 /* AppDelegate.m */ = {isa = PBXFileReference; lastKnownFileType = sourcecode.c.objc; path = AppDelegate.m; sourceTree = "<group>"; };
		B6C5ED351ADFACE9002F0DF1 /* GFStore.xcdatamodel */ = {isa = PBXFileReference; lastKnownFileType = wrapper.xcdatamodel; path = GFStore.xcdatamodel; sourceTree = "<group>"; };
		B6C5ED371ADFACE9002F0DF1 /* ViewController.h */ = {isa = PBXFileReference; lastKnownFileType = sourcecode.c.h; path = ViewController.h; sourceTree = "<group>"; };
		B6C5ED381ADFACE9002F0DF1 /* ViewController.m */ = {isa = PBXFileReference; lastKnownFileType = sourcecode.c.objc; path = ViewController.m; sourceTree = "<group>"; };
		B6C5ED3B1ADFACE9002F0DF1 /* Base */ = {isa = PBXFileReference; lastKnownFileType = file.storyboard; name = Base; path = Base.lproj/Main.storyboard; sourceTree = "<group>"; };
		B6C5ED3D1ADFACE9002F0DF1 /* Images.xcassets */ = {isa = PBXFileReference; lastKnownFileType = folder.assetcatalog; path = Images.xcassets; sourceTree = "<group>"; };
		B6C5ED401ADFACE9002F0DF1 /* Base */ = {isa = PBXFileReference; lastKnownFileType = file.xib; name = Base; path = Base.lproj/LaunchScreen.xib; sourceTree = "<group>"; };
		B6C5ED461ADFACE9002F0DF1 /* GFStoreTests.xctest */ = {isa = PBXFileReference; explicitFileType = wrapper.cfbundle; includeInIndex = 0; path = GFStoreTests.xctest; sourceTree = BUILT_PRODUCTS_DIR; };
		B6C5ED4B1ADFACE9002F0DF1 /* Info.plist */ = {isa = PBXFileReference; lastKnownFileType = text.plist.xml; path = Info.plist; sourceTree = "<group>"; };
		B6C5ED4C1ADFACE9002F0DF1 /* GFStoreTests.m */ = {isa = PBXFileReference; lastKnownFileType = sourcecode.c.objc; path = GFStoreTests.m; sourceTree = "<group>"; };
		B6C5ED571ADFAF6D002F0DF1 /* GFRequest.h */ = {isa = PBXFileReference; fileEncoding = 4; lastKnownFileType = sourcecode.c.h; name = GFRequest.h; path = NetWorking/GFRequest.h; sourceTree = "<group>"; };
		B6C5ED581ADFAF6D002F0DF1 /* GFRequest.m */ = {isa = PBXFileReference; fileEncoding = 4; lastKnownFileType = sourcecode.c.objc; name = GFRequest.m; path = NetWorking/GFRequest.m; sourceTree = "<group>"; };
		B6C5ED591ADFAF6D002F0DF1 /* GFRequestAPI.h */ = {isa = PBXFileReference; fileEncoding = 4; lastKnownFileType = sourcecode.c.h; name = GFRequestAPI.h; path = NetWorking/GFRequestAPI.h; sourceTree = "<group>"; };
		B6C5ED5A1ADFAF6D002F0DF1 /* GFRequestAPI.m */ = {isa = PBXFileReference; fileEncoding = 4; lastKnownFileType = sourcecode.c.objc; name = GFRequestAPI.m; path = NetWorking/GFRequestAPI.m; sourceTree = "<group>"; };
		B6C5ED5C1ADFAF6D002F0DF1 /* GTJCompletionBlocks.h */ = {isa = PBXFileReference; fileEncoding = 4; lastKnownFileType = sourcecode.c.h; path = GTJCompletionBlocks.h; sourceTree = "<group>"; };
		B6C5ED5D1ADFAF6D002F0DF1 /* GTJNetworkAgent.h */ = {isa = PBXFileReference; fileEncoding = 4; lastKnownFileType = sourcecode.c.h; path = GTJNetworkAgent.h; sourceTree = "<group>"; };
		B6C5ED5E1ADFAF6D002F0DF1 /* GTJNetworkAgent.m */ = {isa = PBXFileReference; fileEncoding = 4; lastKnownFileType = sourcecode.c.objc; path = GTJNetworkAgent.m; sourceTree = "<group>"; };
		B6C5ED5F1ADFAF6D002F0DF1 /* GTJRequest.h */ = {isa = PBXFileReference; fileEncoding = 4; lastKnownFileType = sourcecode.c.h; path = GTJRequest.h; sourceTree = "<group>"; };
		B6C5ED601ADFAF6D002F0DF1 /* GTJRequest.m */ = {isa = PBXFileReference; fileEncoding = 4; lastKnownFileType = sourcecode.c.objc; path = GTJRequest.m; sourceTree = "<group>"; };
		B6C5ED661ADFB68D002F0DF1 /* GTJObjectBuilder.h */ = {isa = PBXFileReference; fileEncoding = 4; lastKnownFileType = sourcecode.c.h; path = GTJObjectBuilder.h; sourceTree = "<group>"; };
		B6C5ED671ADFB68D002F0DF1 /* GTJObjectBuilder.m */ = {isa = PBXFileReference; fileEncoding = 4; lastKnownFileType = sourcecode.c.objc; path = GTJObjectBuilder.m; sourceTree = "<group>"; };
		B6C5ED6A1ADFB6EB002F0DF1 /* GFConfiguration.h */ = {isa = PBXFileReference; fileEncoding = 4; lastKnownFileType = sourcecode.c.h; name = GFConfiguration.h; path = Manager/GFConfiguration.h; sourceTree = "<group>"; };
		B6C5ED6B1ADFB6EB002F0DF1 /* GFConfiguration.m */ = {isa = PBXFileReference; fileEncoding = 4; lastKnownFileType = sourcecode.c.objc; name = GFConfiguration.m; path = Manager/GFConfiguration.m; sourceTree = "<group>"; };
		B6C5ED751ADFB7AA002F0DF1 /* Macro.h */ = {isa = PBXFileReference; lastKnownFileType = sourcecode.c.h; path = Macro.h; sourceTree = "<group>"; };
		B6C5ED761ADFB7ED002F0DF1 /* PrefixHeader.pch */ = {isa = PBXFileReference; fileEncoding = 4; lastKnownFileType = sourcecode.c.h; path = PrefixHeader.pch; sourceTree = "<group>"; };
		B6C5ED771ADFB82D002F0DF1 /* UIKit.framework */ = {isa = PBXFileReference; lastKnownFileType = wrapper.framework; name = UIKit.framework; path = System/Library/Frameworks/UIKit.framework; sourceTree = SDKROOT; };
		B6C5ED791ADFB83F002F0DF1 /* Foundation.framework */ = {isa = PBXFileReference; lastKnownFileType = wrapper.framework; name = Foundation.framework; path = System/Library/Frameworks/Foundation.framework; sourceTree = SDKROOT; };
		B6C5ED7B1ADFB870002F0DF1 /* MobileCoreServices.framework */ = {isa = PBXFileReference; lastKnownFileType = wrapper.framework; name = MobileCoreServices.framework; path = System/Library/Frameworks/MobileCoreServices.framework; sourceTree = SDKROOT; };
		B6C5ED7F1ADFB9EC002F0DF1 /* GFDefines.h */ = {isa = PBXFileReference; fileEncoding = 4; lastKnownFileType = sourcecode.c.h; path = GFDefines.h; sourceTree = "<group>"; };
		B6C5ED801ADFB9EC002F0DF1 /* GFDefines.m */ = {isa = PBXFileReference; fileEncoding = 4; lastKnownFileType = sourcecode.c.objc; path = GFDefines.m; sourceTree = "<group>"; };
		B6F2AE1E1AFF3132005D7C74 /* AdSupport.framework */ = {isa = PBXFileReference; lastKnownFileType = wrapper.framework; name = AdSupport.framework; path = System/Library/Frameworks/AdSupport.framework; sourceTree = SDKROOT; };
		B6F2AE211AFF3BBC005D7C74 /* GFSponsorsList.h */ = {isa = PBXFileReference; fileEncoding = 4; lastKnownFileType = sourcecode.c.h; name = GFSponsorsList.h; path = Model/GFSponsorsList.h; sourceTree = "<group>"; };
		B6F2AE221AFF3BBC005D7C74 /* GFSponsorsList.m */ = {isa = PBXFileReference; fileEncoding = 4; lastKnownFileType = sourcecode.c.objc; name = GFSponsorsList.m; path = Model/GFSponsorsList.m; sourceTree = "<group>"; };
		B6F2AE241AFF473A005D7C74 /* GFGiftCard.h */ = {isa = PBXFileReference; fileEncoding = 4; lastKnownFileType = sourcecode.c.h; name = GFGiftCard.h; path = Model/GFGiftCard.h; sourceTree = "<group>"; };
		B6F2AE251AFF473A005D7C74 /* GFGiftCard.m */ = {isa = PBXFileReference; fileEncoding = 4; lastKnownFileType = sourcecode.c.objc; name = GFGiftCard.m; path = Model/GFGiftCard.m; sourceTree = "<group>"; };
		B6F2AE271AFF4A4A005D7C74 /* GFHotApps.h */ = {isa = PBXFileReference; fileEncoding = 4; lastKnownFileType = sourcecode.c.h; name = GFHotApps.h; path = Model/GFHotApps.h; sourceTree = "<group>"; };
		B6F2AE281AFF4A4A005D7C74 /* GFHotApps.m */ = {isa = PBXFileReference; fileEncoding = 4; lastKnownFileType = sourcecode.c.objc; name = GFHotApps.m; path = Model/GFHotApps.m; sourceTree = "<group>"; };
		B6F2AE2C1AFF5274005D7C74 /* GFTabBarController.h */ = {isa = PBXFileReference; fileEncoding = 4; lastKnownFileType = sourcecode.c.h; name = GFTabBarController.h; path = Class/GFTabBarController.h; sourceTree = "<group>"; };
		B6F2AE2D1AFF5274005D7C74 /* GFTabBarController.m */ = {isa = PBXFileReference; fileEncoding = 4; lastKnownFileType = sourcecode.c.objc; name = GFTabBarController.m; path = Class/GFTabBarController.m; sourceTree = "<group>"; };
		B6F2AE311AFF52F6005D7C74 /* GFSponsorsTableViewController.h */ = {isa = PBXFileReference; fileEncoding = 4; lastKnownFileType = sourcecode.c.h; name = GFSponsorsTableViewController.h; path = Class/Sponsors/GFSponsorsTableViewController.h; sourceTree = "<group>"; };
		B6F2AE321AFF52F6005D7C74 /* GFSponsorsTableViewController.m */ = {isa = PBXFileReference; fileEncoding = 4; lastKnownFileType = sourcecode.c.objc; name = GFSponsorsTableViewController.m; path = Class/Sponsors/GFSponsorsTableViewController.m; sourceTree = "<group>"; };
		B6F2AE341AFF534B005D7C74 /* GFSponsorsTableViewCell.h */ = {isa = PBXFileReference; fileEncoding = 4; lastKnownFileType = sourcecode.c.h; name = GFSponsorsTableViewCell.h; path = Class/Sponsors/GFSponsorsTableViewCell.h; sourceTree = "<group>"; };
		B6F2AE351AFF534B005D7C74 /* GFSponsorsTableViewCell.m */ = {isa = PBXFileReference; fileEncoding = 4; lastKnownFileType = sourcecode.c.objc; name = GFSponsorsTableViewCell.m; path = Class/Sponsors/GFSponsorsTableViewCell.m; sourceTree = "<group>"; };
		B6F2AE371B009873005D7C74 /* UIImage+Utility.h */ = {isa = PBXFileReference; fileEncoding = 4; lastKnownFileType = sourcecode.c.h; path = "UIImage+Utility.h"; sourceTree = "<group>"; };
		B6F2AE381B009873005D7C74 /* UIImage+Utility.m */ = {isa = PBXFileReference; fileEncoding = 4; lastKnownFileType = sourcecode.c.objc; path = "UIImage+Utility.m"; sourceTree = "<group>"; };
/* End PBXFileReference section */

/* Begin PBXFrameworksBuildPhase section */
		B6C5ED271ADFACE9002F0DF1 /* Frameworks */ = {
			isa = PBXFrameworksBuildPhase;
			buildActionMask = 2147483647;
			files = (
				B6F2AE1F1AFF3132005D7C74 /* AdSupport.framework in Frameworks */,
				B6C5ED7C1ADFB870002F0DF1 /* MobileCoreServices.framework in Frameworks */,
				B6C5ED7A1ADFB83F002F0DF1 /* Foundation.framework in Frameworks */,
				B6C5ED781ADFB82D002F0DF1 /* UIKit.framework in Frameworks */,
				6ACE022F629A8BBD18641BF0 /* libPods.a in Frameworks */,
			);
			runOnlyForDeploymentPostprocessing = 0;
		};
		B6C5ED431ADFACE9002F0DF1 /* Frameworks */ = {
			isa = PBXFrameworksBuildPhase;
			buildActionMask = 2147483647;
			files = (
			);
			runOnlyForDeploymentPostprocessing = 0;
		};
/* End PBXFrameworksBuildPhase section */

/* Begin PBXGroup section */
		5D1C8D7ECB24E5ED76107BB9 /* Pods */ = {
			isa = PBXGroup;
			children = (
				7A829AABD1601D5BD3A25A85 /* Pods.debug.xcconfig */,
				8DCE4511DB7F2C93FFC820AA /* Pods.release.xcconfig */,
			);
			name = Pods;
			sourceTree = "<group>";
		};
		841E0C792F74001916172B39 /* Frameworks */ = {
			isa = PBXGroup;
			children = (
				B6F2AE1E1AFF3132005D7C74 /* AdSupport.framework */,
				B6C5ED7B1ADFB870002F0DF1 /* MobileCoreServices.framework */,
				B6C5ED791ADFB83F002F0DF1 /* Foundation.framework */,
				B6C5ED771ADFB82D002F0DF1 /* UIKit.framework */,
				7ACB715CBD998C98741E405D /* libPods.a */,
			);
			name = Frameworks;
			sourceTree = "<group>";
		};
		B6C5ED211ADFACE9002F0DF1 = {
			isa = PBXGroup;
			children = (
				B6C5ED2C1ADFACE9002F0DF1 /* GFStore */,
				B6C5ED491ADFACE9002F0DF1 /* GFStoreTests */,
				B6C5ED2B1ADFACE9002F0DF1 /* Products */,
				5D1C8D7ECB24E5ED76107BB9 /* Pods */,
				841E0C792F74001916172B39 /* Frameworks */,
			);
			sourceTree = "<group>";
		};
		B6C5ED2B1ADFACE9002F0DF1 /* Products */ = {
			isa = PBXGroup;
			children = (
				B6C5ED2A1ADFACE9002F0DF1 /* GFStore.app */,
				B6C5ED461ADFACE9002F0DF1 /* GFStoreTests.xctest */,
			);
			name = Products;
			sourceTree = "<group>";
		};
		B6C5ED2C1ADFACE9002F0DF1 /* GFStore */ = {
			isa = PBXGroup;
			children = (
				B6F2AE2A1AFF523E005D7C74 /* Class */,
				B6F2AE201AFF3B89005D7C74 /* Model */,
				B6C5ED711ADFB7A1002F0DF1 /* Macro */,
				B6C5ED691ADFB6BA002F0DF1 /* Manager */,
				B6C5ED651ADFB68D002F0DF1 /* Util */,
				B6C5ED561ADFAF32002F0DF1 /* Networking */,
				B6C5ED311ADFACE9002F0DF1 /* AppDelegate.h */,
				B6C5ED321ADFACE9002F0DF1 /* AppDelegate.m */,
				B6C5ED371ADFACE9002F0DF1 /* ViewController.h */,
				B6C5ED381ADFACE9002F0DF1 /* ViewController.m */,
				B6C5ED3A1ADFACE9002F0DF1 /* Main.storyboard */,
				B6C5ED3D1ADFACE9002F0DF1 /* Images.xcassets */,
				B6C5ED3F1ADFACE9002F0DF1 /* LaunchScreen.xib */,
				B6C5ED341ADFACE9002F0DF1 /* GFStore.xcdatamodeld */,
				B6C5ED2D1ADFACE9002F0DF1 /* Supporting Files */,
			);
			path = GFStore;
			sourceTree = "<group>";
		};
		B6C5ED2D1ADFACE9002F0DF1 /* Supporting Files */ = {
			isa = PBXGroup;
			children = (
				B6C5ED2E1ADFACE9002F0DF1 /* Info.plist */,
				B6C5ED2F1ADFACE9002F0DF1 /* main.m */,
				B6C5ED761ADFB7ED002F0DF1 /* PrefixHeader.pch */,
			);
			name = "Supporting Files";
			sourceTree = "<group>";
		};
		B6C5ED491ADFACE9002F0DF1 /* GFStoreTests */ = {
			isa = PBXGroup;
			children = (
				B6C5ED4C1ADFACE9002F0DF1 /* GFStoreTests.m */,
				B6C5ED4A1ADFACE9002F0DF1 /* Supporting Files */,
			);
			path = GFStoreTests;
			sourceTree = "<group>";
		};
		B6C5ED4A1ADFACE9002F0DF1 /* Supporting Files */ = {
			isa = PBXGroup;
			children = (
				B6C5ED4B1ADFACE9002F0DF1 /* Info.plist */,
			);
			name = "Supporting Files";
			sourceTree = "<group>";
		};
		B6C5ED561ADFAF32002F0DF1 /* Networking */ = {
			isa = PBXGroup;
			children = (
				B6C5ED5B1ADFAF6D002F0DF1 /* GTJRequest */,
				B6C5ED571ADFAF6D002F0DF1 /* GFRequest.h */,
				B6C5ED581ADFAF6D002F0DF1 /* GFRequest.m */,
				B6C5ED591ADFAF6D002F0DF1 /* GFRequestAPI.h */,
				B6C5ED5A1ADFAF6D002F0DF1 /* GFRequestAPI.m */,
			);
			name = Networking;
			sourceTree = "<group>";
		};
		B6C5ED5B1ADFAF6D002F0DF1 /* GTJRequest */ = {
			isa = PBXGroup;
			children = (
				B6C5ED5C1ADFAF6D002F0DF1 /* GTJCompletionBlocks.h */,
				B6C5ED5D1ADFAF6D002F0DF1 /* GTJNetworkAgent.h */,
				B6C5ED5E1ADFAF6D002F0DF1 /* GTJNetworkAgent.m */,
				B6C5ED5F1ADFAF6D002F0DF1 /* GTJRequest.h */,
				B6C5ED601ADFAF6D002F0DF1 /* GTJRequest.m */,
			);
			name = GTJRequest;
			path = NetWorking/GTJRequest;
			sourceTree = "<group>";
		};
		B6C5ED651ADFB68D002F0DF1 /* Util */ = {
			isa = PBXGroup;
			children = (
				B6F2AE371B009873005D7C74 /* UIImage+Utility.h */,
				B6F2AE381B009873005D7C74 /* UIImage+Utility.m */,
				B6C5ED661ADFB68D002F0DF1 /* GTJObjectBuilder.h */,
				B6C5ED671ADFB68D002F0DF1 /* GTJObjectBuilder.m */,
			);
			path = Util;
			sourceTree = "<group>";
		};
		B6C5ED691ADFB6BA002F0DF1 /* Manager */ = {
			isa = PBXGroup;
			children = (
				B6C5ED6A1ADFB6EB002F0DF1 /* GFConfiguration.h */,
				B6C5ED6B1ADFB6EB002F0DF1 /* GFConfiguration.m */,
			);
			name = Manager;
			sourceTree = "<group>";
		};
		B6C5ED711ADFB7A1002F0DF1 /* Macro */ = {
			isa = PBXGroup;
			children = (
				B6C5ED751ADFB7AA002F0DF1 /* Macro.h */,
				B6C5ED7F1ADFB9EC002F0DF1 /* GFDefines.h */,
				B6C5ED801ADFB9EC002F0DF1 /* GFDefines.m */,
			);
			path = Macro;
			sourceTree = "<group>";
		};
		B6F2AE201AFF3B89005D7C74 /* Model */ = {
			isa = PBXGroup;
			children = (
				B6F2AE211AFF3BBC005D7C74 /* GFSponsorsList.h */,
				B6F2AE221AFF3BBC005D7C74 /* GFSponsorsList.m */,
				B6F2AE241AFF473A005D7C74 /* GFGiftCard.h */,
				B6F2AE251AFF473A005D7C74 /* GFGiftCard.m */,
				B6F2AE271AFF4A4A005D7C74 /* GFHotApps.h */,
				B6F2AE281AFF4A4A005D7C74 /* GFHotApps.m */,
			);
			name = Model;
			sourceTree = "<group>";
		};
		B6F2AE2A1AFF523E005D7C74 /* Class */ = {
			isa = PBXGroup;
			children = (
				B6F2AE2C1AFF5274005D7C74 /* GFTabBarController.h */,
				B6F2AE2D1AFF5274005D7C74 /* GFTabBarController.m */,
				B6F2AE3A1B009CA2005D7C74 /* About */,
				B6F2AE2B1AFF5244005D7C74 /* Sponsors */,
				B6F2AE2F1AFF527B005D7C74 /* Gift_card */,
				B6F2AE301AFF528D005D7C74 /* HotApps */,
			);
			name = Class;
			sourceTree = "<group>";
		};
		B6F2AE2B1AFF5244005D7C74 /* Sponsors */ = {
			isa = PBXGroup;
			children = (
				B6F2AE311AFF52F6005D7C74 /* GFSponsorsTableViewController.h */,
				B6F2AE321AFF52F6005D7C74 /* GFSponsorsTableViewController.m */,
				B6F2AE341AFF534B005D7C74 /* GFSponsorsTableViewCell.h */,
				B6F2AE351AFF534B005D7C74 /* GFSponsorsTableViewCell.m */,
			);
			name = Sponsors;
			sourceTree = "<group>";
		};
		B6F2AE2F1AFF527B005D7C74 /* Gift_card */ = {
			isa = PBXGroup;
			children = (
			);
			name = Gift_card;
			sourceTree = "<group>";
		};
		B6F2AE301AFF528D005D7C74 /* HotApps */ = {
			isa = PBXGroup;
			children = (
			);
			name = HotApps;
			sourceTree = "<group>";
		};
		B6F2AE3A1B009CA2005D7C74 /* About */ = {
			isa = PBXGroup;
			children = (
			);
			name = About;
			sourceTree = "<group>";
		};
/* End PBXGroup section */

/* Begin PBXNativeTarget section */
		B6C5ED291ADFACE9002F0DF1 /* GFStore */ = {
			isa = PBXNativeTarget;
			buildConfigurationList = B6C5ED501ADFACE9002F0DF1 /* Build configuration list for PBXNativeTarget "GFStore" */;
			buildPhases = (
				B9A532CB5EEA1A194F6D6C44 /* Check Pods Manifest.lock */,
				B6C5ED261ADFACE9002F0DF1 /* Sources */,
				B6C5ED271ADFACE9002F0DF1 /* Frameworks */,
				B6C5ED281ADFACE9002F0DF1 /* Resources */,
				2DB94244E768ED4A8BFD519A /* Copy Pods Resources */,
			);
			buildRules = (
			);
			dependencies = (
			);
			name = GFStore;
			productName = GFStore;
			productReference = B6C5ED2A1ADFACE9002F0DF1 /* GFStore.app */;
			productType = "com.apple.product-type.application";
		};
		B6C5ED451ADFACE9002F0DF1 /* GFStoreTests */ = {
			isa = PBXNativeTarget;
			buildConfigurationList = B6C5ED531ADFACE9002F0DF1 /* Build configuration list for PBXNativeTarget "GFStoreTests" */;
			buildPhases = (
				B6C5ED421ADFACE9002F0DF1 /* Sources */,
				B6C5ED431ADFACE9002F0DF1 /* Frameworks */,
				B6C5ED441ADFACE9002F0DF1 /* Resources */,
			);
			buildRules = (
			);
			dependencies = (
				B6C5ED481ADFACE9002F0DF1 /* PBXTargetDependency */,
			);
			name = GFStoreTests;
			productName = GFStoreTests;
			productReference = B6C5ED461ADFACE9002F0DF1 /* GFStoreTests.xctest */;
			productType = "com.apple.product-type.bundle.unit-test";
		};
/* End PBXNativeTarget section */

/* Begin PBXProject section */
		B6C5ED221ADFACE9002F0DF1 /* Project object */ = {
			isa = PBXProject;
			attributes = {
				LastUpgradeCheck = 0620;
				ORGANIZATIONNAME = gtj;
				TargetAttributes = {
					B6C5ED291ADFACE9002F0DF1 = {
						CreatedOnToolsVersion = 6.2;
					};
					B6C5ED451ADFACE9002F0DF1 = {
						CreatedOnToolsVersion = 6.2;
						TestTargetID = B6C5ED291ADFACE9002F0DF1;
					};
				};
			};
			buildConfigurationList = B6C5ED251ADFACE9002F0DF1 /* Build configuration list for PBXProject "GFStore" */;
			compatibilityVersion = "Xcode 3.2";
			developmentRegion = English;
			hasScannedForEncodings = 0;
			knownRegions = (
				en,
				Base,
			);
			mainGroup = B6C5ED211ADFACE9002F0DF1;
			productRefGroup = B6C5ED2B1ADFACE9002F0DF1 /* Products */;
			projectDirPath = "";
			projectRoot = "";
			targets = (
				B6C5ED291ADFACE9002F0DF1 /* GFStore */,
				B6C5ED451ADFACE9002F0DF1 /* GFStoreTests */,
			);
		};
/* End PBXProject section */

/* Begin PBXResourcesBuildPhase section */
		B6C5ED281ADFACE9002F0DF1 /* Resources */ = {
			isa = PBXResourcesBuildPhase;
			buildActionMask = 2147483647;
			files = (
				B6C5ED3C1ADFACE9002F0DF1 /* Main.storyboard in Resources */,
				B6C5ED411ADFACE9002F0DF1 /* LaunchScreen.xib in Resources */,
				B6C5ED3E1ADFACE9002F0DF1 /* Images.xcassets in Resources */,
			);
			runOnlyForDeploymentPostprocessing = 0;
		};
		B6C5ED441ADFACE9002F0DF1 /* Resources */ = {
			isa = PBXResourcesBuildPhase;
			buildActionMask = 2147483647;
			files = (
			);
			runOnlyForDeploymentPostprocessing = 0;
		};
/* End PBXResourcesBuildPhase section */

/* Begin PBXShellScriptBuildPhase section */
		2DB94244E768ED4A8BFD519A /* Copy Pods Resources */ = {
			isa = PBXShellScriptBuildPhase;
			buildActionMask = 2147483647;
			files = (
			);
			inputPaths = (
			);
			name = "Copy Pods Resources";
			outputPaths = (
			);
			runOnlyForDeploymentPostprocessing = 0;
			shellPath = /bin/sh;
			shellScript = "\"${SRCROOT}/Pods/Target Support Files/Pods/Pods-resources.sh\"\n";
			showEnvVarsInLog = 0;
		};
		B9A532CB5EEA1A194F6D6C44 /* Check Pods Manifest.lock */ = {
			isa = PBXShellScriptBuildPhase;
			buildActionMask = 2147483647;
			files = (
			);
			inputPaths = (
			);
			name = "Check Pods Manifest.lock";
			outputPaths = (
			);
			runOnlyForDeploymentPostprocessing = 0;
			shellPath = /bin/sh;
			shellScript = "diff \"${PODS_ROOT}/../Podfile.lock\" \"${PODS_ROOT}/Manifest.lock\" > /dev/null\nif [[ $? != 0 ]] ; then\n    cat << EOM\nerror: The sandbox is not in sync with the Podfile.lock. Run 'pod install' or update your CocoaPods installation.\nEOM\n    exit 1\nfi\n";
			showEnvVarsInLog = 0;
		};
/* End PBXShellScriptBuildPhase section */

/* Begin PBXSourcesBuildPhase section */
		B6C5ED261ADFACE9002F0DF1 /* Sources */ = {
			isa = PBXSourcesBuildPhase;
			buildActionMask = 2147483647;
			files = (
				B6C5ED681ADFB68D002F0DF1 /* GTJObjectBuilder.m in Sources */,
				B6C5ED331ADFACE9002F0DF1 /* AppDelegate.m in Sources */,
				B6C5ED361ADFACE9002F0DF1 /* GFStore.xcdatamodeld in Sources */,
				B6F2AE261AFF473A005D7C74 /* GFGiftCard.m in Sources */,
				B6F2AE231AFF3BBC005D7C74 /* GFSponsorsList.m in Sources */,
				B6F2AE331AFF52F6005D7C74 /* GFSponsorsTableViewController.m in Sources */,
				B6F2AE361AFF534B005D7C74 /* GFSponsorsTableViewCell.m in Sources */,
				B6C5ED611ADFAF6D002F0DF1 /* GFRequest.m in Sources */,
				B6C5ED631ADFAF6D002F0DF1 /* GTJNetworkAgent.m in Sources */,
				B6C5ED621ADFAF6D002F0DF1 /* GFRequestAPI.m in Sources */,
				B6C5ED641ADFAF6D002F0DF1 /* GTJRequest.m in Sources */,
				B6C5ED6C1ADFB6EB002F0DF1 /* GFConfiguration.m in Sources */,
				B6C5ED811ADFB9EC002F0DF1 /* GFDefines.m in Sources */,
				B6C5ED391ADFACE9002F0DF1 /* ViewController.m in Sources */,
				B6F2AE2E1AFF5274005D7C74 /* GFTabBarController.m in Sources */,
				B6F2AE291AFF4A4A005D7C74 /* GFHotApps.m in Sources */,
				B6F2AE391B009873005D7C74 /* UIImage+Utility.m in Sources */,
				B6C5ED301ADFACE9002F0DF1 /* main.m in Sources */,
			);
			runOnlyForDeploymentPostprocessing = 0;
		};
		B6C5ED421ADFACE9002F0DF1 /* Sources */ = {
			isa = PBXSourcesBuildPhase;
			buildActionMask = 2147483647;
			files = (
				B6C5ED4D1ADFACE9002F0DF1 /* GFStoreTests.m in Sources */,
			);
			runOnlyForDeploymentPostprocessing = 0;
		};
/* End PBXSourcesBuildPhase section */

/* Begin PBXTargetDependency section */
		B6C5ED481ADFACE9002F0DF1 /* PBXTargetDependency */ = {
			isa = PBXTargetDependency;
			target = B6C5ED291ADFACE9002F0DF1 /* GFStore */;
			targetProxy = B6C5ED471ADFACE9002F0DF1 /* PBXContainerItemProxy */;
		};
/* End PBXTargetDependency section */

/* Begin PBXVariantGroup section */
		B6C5ED3A1ADFACE9002F0DF1 /* Main.storyboard */ = {
			isa = PBXVariantGroup;
			children = (
				B6C5ED3B1ADFACE9002F0DF1 /* Base */,
			);
			name = Main.storyboard;
			sourceTree = "<group>";
		};
		B6C5ED3F1ADFACE9002F0DF1 /* LaunchScreen.xib */ = {
			isa = PBXVariantGroup;
			children = (
				B6C5ED401ADFACE9002F0DF1 /* Base */,
			);
			name = LaunchScreen.xib;
			sourceTree = "<group>";
		};
/* End PBXVariantGroup section */

/* Begin XCBuildConfiguration section */
		B6C5ED4E1ADFACE9002F0DF1 /* Debug */ = {
			isa = XCBuildConfiguration;
			buildSettings = {
				ALWAYS_SEARCH_USER_PATHS = NO;
				CLANG_CXX_LANGUAGE_STANDARD = "gnu++0x";
				CLANG_CXX_LIBRARY = "libc++";
				CLANG_ENABLE_MODULES = YES;
				CLANG_ENABLE_OBJC_ARC = YES;
				CLANG_WARN_BOOL_CONVERSION = YES;
				CLANG_WARN_CONSTANT_CONVERSION = YES;
				CLANG_WARN_DIRECT_OBJC_ISA_USAGE = YES_ERROR;
				CLANG_WARN_EMPTY_BODY = YES;
				CLANG_WARN_ENUM_CONVERSION = YES;
				CLANG_WARN_INT_CONVERSION = YES;
				CLANG_WARN_OBJC_ROOT_CLASS = YES_ERROR;
				CLANG_WARN_UNREACHABLE_CODE = YES;
				CLANG_WARN__DUPLICATE_METHOD_MATCH = YES;
				"CODE_SIGN_IDENTITY[sdk=iphoneos*]" = "iPhone Developer";
				COPY_PHASE_STRIP = NO;
				ENABLE_STRICT_OBJC_MSGSEND = YES;
				GCC_C_LANGUAGE_STANDARD = gnu99;
				GCC_DYNAMIC_NO_PIC = NO;
				GCC_OPTIMIZATION_LEVEL = 0;
				GCC_PREPROCESSOR_DEFINITIONS = (
					"DEBUG=1",
					"$(inherited)",
				);
				GCC_SYMBOLS_PRIVATE_EXTERN = NO;
				GCC_WARN_64_TO_32_BIT_CONVERSION = YES;
				GCC_WARN_ABOUT_RETURN_TYPE = YES_ERROR;
				GCC_WARN_UNDECLARED_SELECTOR = YES;
				GCC_WARN_UNINITIALIZED_AUTOS = YES_AGGRESSIVE;
				GCC_WARN_UNUSED_FUNCTION = YES;
				GCC_WARN_UNUSED_VARIABLE = YES;
				IPHONEOS_DEPLOYMENT_TARGET = 8.2;
				MTL_ENABLE_DEBUG_INFO = YES;
				ONLY_ACTIVE_ARCH = YES;
				SDKROOT = iphoneos;
			};
			name = Debug;
		};
		B6C5ED4F1ADFACE9002F0DF1 /* Release */ = {
			isa = XCBuildConfiguration;
			buildSettings = {
				ALWAYS_SEARCH_USER_PATHS = NO;
				CLANG_CXX_LANGUAGE_STANDARD = "gnu++0x";
				CLANG_CXX_LIBRARY = "libc++";
				CLANG_ENABLE_MODULES = YES;
				CLANG_ENABLE_OBJC_ARC = YES;
				CLANG_WARN_BOOL_CONVERSION = YES;
				CLANG_WARN_CONSTANT_CONVERSION = YES;
				CLANG_WARN_DIRECT_OBJC_ISA_USAGE = YES_ERROR;
				CLANG_WARN_EMPTY_BODY = YES;
				CLANG_WARN_ENUM_CONVERSION = YES;
				CLANG_WARN_INT_CONVERSION = YES;
				CLANG_WARN_OBJC_ROOT_CLASS = YES_ERROR;
				CLANG_WARN_UNREACHABLE_CODE = YES;
				CLANG_WARN__DUPLICATE_METHOD_MATCH = YES;
				"CODE_SIGN_IDENTITY[sdk=iphoneos*]" = "iPhone Developer";
				COPY_PHASE_STRIP = NO;
				ENABLE_NS_ASSERTIONS = NO;
				ENABLE_STRICT_OBJC_MSGSEND = YES;
				GCC_C_LANGUAGE_STANDARD = gnu99;
				GCC_WARN_64_TO_32_BIT_CONVERSION = YES;
				GCC_WARN_ABOUT_RETURN_TYPE = YES_ERROR;
				GCC_WARN_UNDECLARED_SELECTOR = YES;
				GCC_WARN_UNINITIALIZED_AUTOS = YES_AGGRESSIVE;
				GCC_WARN_UNUSED_FUNCTION = YES;
				GCC_WARN_UNUSED_VARIABLE = YES;
				IPHONEOS_DEPLOYMENT_TARGET = 8.2;
				MTL_ENABLE_DEBUG_INFO = NO;
				SDKROOT = iphoneos;
				VALIDATE_PRODUCT = YES;
			};
			name = Release;
		};
		B6C5ED511ADFACE9002F0DF1 /* Debug */ = {
			isa = XCBuildConfiguration;
			baseConfigurationReference = 7A829AABD1601D5BD3A25A85 /* Pods.debug.xcconfig */;
			buildSettings = {
				ASSETCATALOG_COMPILER_APPICON_NAME = AppIcon;
				GCC_INPUT_FILETYPE = automatic;
				GCC_PREFIX_HEADER = "$(SRCROOT)/GFStore/PrefixHeader.pch";
				INFOPLIST_FILE = GFStore/Info.plist;
				LD_RUNPATH_SEARCH_PATHS = "$(inherited) @executable_path/Frameworks";
				PRODUCT_NAME = "$(TARGET_NAME)";
			};
			name = Debug;
		};
		B6C5ED521ADFACE9002F0DF1 /* Release */ = {
			isa = XCBuildConfiguration;
			baseConfigurationReference = 8DCE4511DB7F2C93FFC820AA /* Pods.release.xcconfig */;
			buildSettings = {
				ASSETCATALOG_COMPILER_APPICON_NAME = AppIcon;
				GCC_INPUT_FILETYPE = automatic;
				GCC_PREFIX_HEADER = "$(SRCROOT)/GFStore/PrefixHeader.pch";
				INFOPLIST_FILE = GFStore/Info.plist;
				LD_RUNPATH_SEARCH_PATHS = "$(inherited) @executable_path/Frameworks";
				PRODUCT_NAME = "$(TARGET_NAME)";
			};
			name = Release;
		};
		B6C5ED541ADFACE9002F0DF1 /* Debug */ = {
			isa = XCBuildConfiguration;
			buildSettings = {
				BUNDLE_LOADER = "$(TEST_HOST)";
				FRAMEWORK_SEARCH_PATHS = (
					"$(SDKROOT)/Developer/Library/Frameworks",
					"$(inherited)",
				);
				GCC_PREPROCESSOR_DEFINITIONS = (
					"DEBUG=1",
					"$(inherited)",
				);
				INFOPLIST_FILE = GFStoreTests/Info.plist;
				LD_RUNPATH_SEARCH_PATHS = "$(inherited) @executable_path/Frameworks @loader_path/Frameworks";
				PRODUCT_NAME = "$(TARGET_NAME)";
				TEST_HOST = "$(BUILT_PRODUCTS_DIR)/GFStore.app/GFStore";
			};
			name = Debug;
		};
		B6C5ED551ADFACE9002F0DF1 /* Release */ = {
			isa = XCBuildConfiguration;
			buildSettings = {
				BUNDLE_LOADER = "$(TEST_HOST)";
				FRAMEWORK_SEARCH_PATHS = (
					"$(SDKROOT)/Developer/Library/Frameworks",
					"$(inherited)",
				);
				INFOPLIST_FILE = GFStoreTests/Info.plist;
				LD_RUNPATH_SEARCH_PATHS = "$(inherited) @executable_path/Frameworks @loader_path/Frameworks";
				PRODUCT_NAME = "$(TARGET_NAME)";
				TEST_HOST = "$(BUILT_PRODUCTS_DIR)/GFStore.app/GFStore";
			};
			name = Release;
		};
/* End XCBuildConfiguration section */

/* Begin XCConfigurationList section */
		B6C5ED251ADFACE9002F0DF1 /* Build configuration list for PBXProject "GFStore" */ = {
			isa = XCConfigurationList;
			buildConfigurations = (
				B6C5ED4E1ADFACE9002F0DF1 /* Debug */,
				B6C5ED4F1ADFACE9002F0DF1 /* Release */,
			);
			defaultConfigurationIsVisible = 0;
			defaultConfigurationName = Release;
		};
		B6C5ED501ADFACE9002F0DF1 /* Build configuration list for PBXNativeTarget "GFStore" */ = {
			isa = XCConfigurationList;
			buildConfigurations = (
				B6C5ED511ADFACE9002F0DF1 /* Debug */,
				B6C5ED521ADFACE9002F0DF1 /* Release */,
			);
			defaultConfigurationIsVisible = 0;
			defaultConfigurationName = Release;
		};
		B6C5ED531ADFACE9002F0DF1 /* Build configuration list for PBXNativeTarget "GFStoreTests" */ = {
			isa = XCConfigurationList;
			buildConfigurations = (
				B6C5ED541ADFACE9002F0DF1 /* Debug */,
				B6C5ED551ADFACE9002F0DF1 /* Release */,
			);
			defaultConfigurationIsVisible = 0;
			defaultConfigurationName = Release;
		};
/* End XCConfigurationList section */

/* Begin XCVersionGroup section */
		B6C5ED341ADFACE9002F0DF1 /* GFStore.xcdatamodeld */ = {
			isa = XCVersionGroup;
			children = (
				B6C5ED351ADFACE9002F0DF1 /* GFStore.xcdatamodel */,
			);
			currentVersion = B6C5ED351ADFACE9002F0DF1 /* GFStore.xcdatamodel */;
			path = GFStore.xcdatamodeld;
			sourceTree = "<group>";
			versionGroupType = wrapper.xcdatamodel;
		};
/* End XCVersionGroup section */
	};
	rootObject = B6C5ED221ADFACE9002F0DF1 /* Project object */;
}
